
Microsoft Visual Studio Solution File, Format Version 12.00
# Visual Studio 15
VisualStudioVersion = 15.0.28307.757
MinimumVisualStudioVersion = 10.0.40219.1
Project("{FAE04EC0-301F-11D3-BF4B-00C04F79EFBC}") = "MessageApplication", "MessageApplication\MessageApplication.csproj", "{B57BD7A6-5B9D-4EDB-A481-77EEA73DC12B}"
EndProject
Global
	GlobalSection(SolutionConfigurationPlatforms) = preSolution
		Debug|Any CPU = Debug|Any CPU
		Release|Any CPU = Release|Any CPU
	EndGlobalSection
	GlobalSection(ProjectConfigurationPlatforms) = postSolution
		{B57BD7A6-5B9D-4EDB-A481-77EEA73DC12B}.Debug|Any CPU.ActiveCfg = Debug|Any CPU
		{B57BD7A6-5B9D-4EDB-A481-77EEA73DC12B}.Debug|Any CPU.Build.0 = Debug|Any CPU
		{B57BD7A6-5B9D-4EDB-A481-77EEA73DC12B}.Release|Any CPU.ActiveCfg = Release|Any CPU
		{B57BD7A6-5B9D-4EDB-A481-77EEA73DC12B}.Release|Any CPU.Build.0 = Release|Any CPU
	EndGlobalSection
	GlobalSection(SolutionProperties) = preSolution
		HideSolutionNode = FALSE
	EndGlobalSection
	GlobalSection(ExtensibilityGlobals) = postSolution
		SolutionGuid = {EA6007E1-2BA2-46FD-B8F7-16D651F3C86A}
	EndGlobalSection
EndGlobal
